
Microsoft Visual Studio Solution File, Format Version 12.00
# Visual Studio Version 17
VisualStudioVersion = 17.9.34902.65
MinimumVisualStudioVersion = 10.0.40219.1
Project("{FAE04EC0-301F-11D3-BF4B-00C04F79EFBC}") = "C#Application_classCode", "C#Application_classCode\C#Application_classCode.csproj", "{D0CF64D9-9F6A-40D8-B3C3-0A6AA8670CDE}"
EndProject
Global
	GlobalSection(SolutionConfigurationPlatforms) = preSolution
		Debug|Any CPU = Debug|Any CPU
		Release|Any CPU = Release|Any CPU
	EndGlobalSection
	GlobalSection(ProjectConfigurationPlatforms) = postSolution
		{D0CF64D9-9F6A-40D8-B3C3-0A6AA8670CDE}.Debug|Any CPU.ActiveCfg = Debug|Any CPU
		{D0CF64D9-9F6A-40D8-B3C3-0A6AA8670CDE}.Debug|Any CPU.Build.0 = Debug|Any CPU
		{D0CF64D9-9F6A-40D8-B3C3-0A6AA8670CDE}.Release|Any CPU.ActiveCfg = Release|Any CPU
		{D0CF64D9-9F6A-40D8-B3C3-0A6AA8670CDE}.Release|Any CPU.Build.0 = Release|Any CPU
	EndGlobalSection
	GlobalSection(SolutionProperties) = preSolution
		HideSolutionNode = FALSE
	EndGlobalSection
	GlobalSection(ExtensibilityGlobals) = postSolution
		SolutionGuid = {EFDDE4BE-0F31-4BF3-8472-920D9F603834}
	EndGlobalSection
EndGlobal
